
Microsoft Visual Studio Solution File, Format Version 12.00
# Visual Studio Version 16
VisualStudioVersion = 16.0.30804.86
MinimumVisualStudioVersion = 10.0.40219.1
Project("{FAE04EC0-301F-11D3-BF4B-00C04F79EFBC}") = "GroceryStore", "GroceryStore\GroceryStore.csproj", "{D0504A0D-D3DE-4BCE-9507-BBB4843AFECD}"
EndProject
Global
	GlobalSection(SolutionConfigurationPlatforms) = preSolution
		Debug|Any CPU = Debug|Any CPU
		Release|Any CPU = Release|Any CPU
	EndGlobalSection
	GlobalSection(ProjectConfigurationPlatforms) = postSolution
		{D0504A0D-D3DE-4BCE-9507-BBB4843AFECD}.Debug|Any CPU.ActiveCfg = Debug|Any CPU
		{D0504A0D-D3DE-4BCE-9507-BBB4843AFECD}.Debug|Any CPU.Build.0 = Debug|Any CPU
		{D0504A0D-D3DE-4BCE-9507-BBB4843AFECD}.Release|Any CPU.ActiveCfg = Release|Any CPU
		{D0504A0D-D3DE-4BCE-9507-BBB4843AFECD}.Release|Any CPU.Build.0 = Release|Any CPU
	EndGlobalSection
	GlobalSection(SolutionProperties) = preSolution
		HideSolutionNode = FALSE
	EndGlobalSection
	GlobalSection(ExtensibilityGlobals) = postSolution
		SolutionGuid = {CB0630EF-212D-4802-A9CC-1A5D083A790E}
	EndGlobalSection
EndGlobal
